
Microsoft Visual Studio Solution File, Format Version 12.00
# Visual Studio Version 16
VisualStudioVersion = 16.0.32510.428
MinimumVisualStudioVersion = 10.0.40219.1
Project("{FAE04EC0-301F-11D3-BF4B-00C04F79EFBC}") = "UltimateGalaxyRandomizer", "UltimateGalaxyRandomizer\UltimateGalaxyRandomizer.csproj", "{723BBAA3-CCF2-4951-B90B-394EB9034136}"
EndProject
Global
	GlobalSection(SolutionConfigurationPlatforms) = preSolution
		Debug|Any CPU = Debug|Any CPU
		Release|Any CPU = Release|Any CPU
	EndGlobalSection
	GlobalSection(ProjectConfigurationPlatforms) = postSolution
		{723BBAA3-CCF2-4951-B90B-394EB9034136}.Debug|Any CPU.ActiveCfg = Debug|Any CPU
		{723BBAA3-CCF2-4951-B90B-394EB9034136}.Debug|Any CPU.Build.0 = Debug|Any CPU
		{723BBAA3-CCF2-4951-B90B-394EB9034136}.Release|Any CPU.ActiveCfg = Release|Any CPU
		{723BBAA3-CCF2-4951-B90B-394EB9034136}.Release|Any CPU.Build.0 = Release|Any CPU
	EndGlobalSection
	GlobalSection(SolutionProperties) = preSolution
		HideSolutionNode = FALSE
	EndGlobalSection
	GlobalSection(ExtensibilityGlobals) = postSolution
		SolutionGuid = {ADAD1AF0-FE4E-4074-93A0-EA4B65DBD8A3}
	EndGlobalSection
EndGlobal
